
Microsoft Visual Studio Solution File, Format Version 12.00
# Visual Studio Version 17
VisualStudioVersion = 17.10.35013.160
MinimumVisualStudioVersion = 10.0.40219.1
Project("{FAE04EC0-301F-11D3-BF4B-00C04F79EFBC}") = "CheckPrices.Worker", "CheckPrices.Worker\CheckPrices.Worker.csproj", "{9732840E-7BD0-4B62-933E-E109A94DD6DB}"
EndProject
Global
	GlobalSection(SolutionConfigurationPlatforms) = preSolution
		Debug|Any CPU = Debug|Any CPU
		Release|Any CPU = Release|Any CPU
	EndGlobalSection
	GlobalSection(ProjectConfigurationPlatforms) = postSolution
		{9732840E-7BD0-4B62-933E-E109A94DD6DB}.Debug|Any CPU.ActiveCfg = Debug|Any CPU
		{9732840E-7BD0-4B62-933E-E109A94DD6DB}.Debug|Any CPU.Build.0 = Debug|Any CPU
		{9732840E-7BD0-4B62-933E-E109A94DD6DB}.Release|Any CPU.ActiveCfg = Release|Any CPU
		{9732840E-7BD0-4B62-933E-E109A94DD6DB}.Release|Any CPU.Build.0 = Release|Any CPU
	EndGlobalSection
	GlobalSection(SolutionProperties) = preSolution
		HideSolutionNode = FALSE
	EndGlobalSection
	GlobalSection(ExtensibilityGlobals) = postSolution
		SolutionGuid = {A6C4CBC0-B6A0-4925-BC66-2825CC094EA2}
	EndGlobalSection
EndGlobal
